
Microsoft Visual Studio Solution File, Format Version 12.00
# Visual Studio Version 17
VisualStudioVersion = 17.5.33530.505
MinimumVisualStudioVersion = 10.0.40219.1
Project("{FAE04EC0-301F-11D3-BF4B-00C04F79EFBC}") = "MyPortfolio", "MyPortfolio.csproj", "{7451A180-78FA-44DA-A7FD-E3A2F969EC46}"
EndProject
Global
	GlobalSection(SolutionConfigurationPlatforms) = preSolution
		Debug|Any CPU = Debug|Any CPU
		Release|Any CPU = Release|Any CPU
	EndGlobalSection
	GlobalSection(ProjectConfigurationPlatforms) = postSolution
		{7451A180-78FA-44DA-A7FD-E3A2F969EC46}.Debug|Any CPU.ActiveCfg = Debug|Any CPU
		{7451A180-78FA-44DA-A7FD-E3A2F969EC46}.Debug|Any CPU.Build.0 = Debug|Any CPU
		{7451A180-78FA-44DA-A7FD-E3A2F969EC46}.Release|Any CPU.ActiveCfg = Release|Any CPU
		{7451A180-78FA-44DA-A7FD-E3A2F969EC46}.Release|Any CPU.Build.0 = Release|Any CPU
	EndGlobalSection
	GlobalSection(SolutionProperties) = preSolution
		HideSolutionNode = FALSE
	EndGlobalSection
	GlobalSection(ExtensibilityGlobals) = postSolution
		SolutionGuid = {2066B50A-CF3E-42BA-9FD2-26B4E16825EA}
	EndGlobalSection
EndGlobal
